
Microsoft Visual Studio Solution File, Format Version 12.00
# Visual Studio Version 16
VisualStudioVersion = 16.0.31624.102
MinimumVisualStudioVersion = 10.0.40219.1
Project("{8BC9CEB8-8B4A-11D0-8D11-00A0C91BC942}") = "RMB转大写（函数）", "RMB转大写（函数）\RMB转大写（函数）.vcxproj", "{D2460F59-C328-4660-AD38-86477EFA2BD8}"
EndProject
Project("{8BC9CEB8-8B4A-11D0-8D11-00A0C91BC942}") = "蔡勒公式", "蔡勒公式\蔡勒公式.vcxproj", "{AF9C9746-B680-4343-BE88-102267A92148}"
EndProject
Project("{8BC9CEB8-8B4A-11D0-8D11-00A0C91BC942}") = "蔡勒公式c", "蔡勒公式c\蔡勒公式c.vcxproj", "{544B047B-C3B0-4D85-8561-C9913B573516}"
EndProject
Project("{8BC9CEB8-8B4A-11D0-8D11-00A0C91BC942}") = "打印月历（蔡勒）", "打印月历（蔡勒）\打印月历（蔡勒）.vcxproj", "{EC74A2BE-942B-4E01-A431-6E652D02B48C}"
EndProject
Project("{8BC9CEB8-8B4A-11D0-8D11-00A0C91BC942}") = "键盘控制光标", "键盘控制光标\键盘控制光标.vcxproj", "{C3A322C4-FD94-4224-A828-9F7C3B23AC2D}"
EndProject
Project("{8BC9CEB8-8B4A-11D0-8D11-00A0C91BC942}") = "键盘控制光标c", "键盘控制光标c\键盘控制光标c.vcxproj", "{0A4DAB3F-DD18-4FF4-9038-3CD8A18B18E8}"
EndProject
Project("{8BC9CEB8-8B4A-11D0-8D11-00A0C91BC942}") = "测试", "测试\测试.vcxproj", "{71A7FD42-D356-4B87-8021-A6C4CAFA33F1}"
EndProject
Project("{8BC9CEB8-8B4A-11D0-8D11-00A0C91BC942}") = "a!+b!+c!", "a!+b!+c!\a!+b!+c!.vcxproj", "{14E47825-A064-4A23-A3DC-5D90E93A6103}"
EndProject
Project("{8BC9CEB8-8B4A-11D0-8D11-00A0C91BC942}") = "Lagendre多项式", "Lagendre多项式\Lagendre多项式.vcxproj", "{55458AAB-9238-4021-AC6C-A256149599C2}"
EndProject
Project("{8BC9CEB8-8B4A-11D0-8D11-00A0C91BC942}") = "整数分解-正序", "整数分解-正序\整数分解-正序.vcxproj", "{91B17ABD-686C-4C78-A85D-8776048DE8B3}"
EndProject
Project("{8BC9CEB8-8B4A-11D0-8D11-00A0C91BC942}") = "整数分解-逆序", "整数分解-逆序\整数分解-逆序.vcxproj", "{99A4EAF9-5E8B-4DC5-A923-86CD43258693}"
EndProject
Project("{8BC9CEB8-8B4A-11D0-8D11-00A0C91BC942}") = "Fibonacci数列", "Fibonacci数列\Fibonacci数列.vcxproj", "{B30ADB5F-CB10-4646-B0F9-CC9C68419530}"
EndProject
Project("{8BC9CEB8-8B4A-11D0-8D11-00A0C91BC942}") = "判断是否为幂", "判断是否为幂\判断是否为幂.vcxproj", "{926AF9F3-768B-4A84-9F88-177C71FB433D}"
EndProject
Project("{8BC9CEB8-8B4A-11D0-8D11-00A0C91BC942}") = "输出字母菱形", "输出字母菱形\输出字母菱形.vcxproj", "{BBED3FEB-3E22-4EAD-B570-6B00FA779DDF}"
EndProject
Project("{8BC9CEB8-8B4A-11D0-8D11-00A0C91BC942}") = "汉诺塔-基本移动", "Hanoi Tower-移动步骤\Hanoi Tower-移动步骤.vcxproj", "{19C2805C-4D6E-4532-8609-E2BB44CB895F}"
EndProject
Project("{8BC9CEB8-8B4A-11D0-8D11-00A0C91BC942}") = "汉诺塔-步数记录-全局变量c", "汉诺塔-步数记录-全局变量\汉诺塔-步数记录-全局变量.vcxproj", "{C0E63F8C-0A1C-42D6-9002-60DC9E1309B1}"
EndProject
Project("{8BC9CEB8-8B4A-11D0-8D11-00A0C91BC942}") = "汉诺塔-步数记录-静态局部变量", "汉诺塔-步数记录-静态局部变量\汉诺塔-步数记录-静态局部变量.vcxproj", "{3F981A94-F7B0-4CE3-AE5A-01923A17F238}"
EndProject
Project("{8BC9CEB8-8B4A-11D0-8D11-00A0C91BC942}") = "ex_without_h", "ex_without_h\ex_without_h.vcxproj", "{541CAA59-DB91-4DAF-8E8F-28748224F3B0}"
EndProject
Project("{8BC9CEB8-8B4A-11D0-8D11-00A0C91BC942}") = "ex_with_h", "ex_with_h\ex_with_h.vcxproj", "{DC174387-B124-4420-9905-CCE75F7699FF}"
EndProject
Project("{8BC9CEB8-8B4A-11D0-8D11-00A0C91BC942}") = "max重载", "max重载\max重载.vcxproj", "{DCC78D93-5614-409B-8162-22D1E24F5C6F}"
EndProject
Project("{8BC9CEB8-8B4A-11D0-8D11-00A0C91BC942}") = "min带缺省参数", "min带缺省参数\min带缺省参数.vcxproj", "{1AC1E815-397A-4714-9520-E29699FFEA33}"
EndProject
Project("{8BC9CEB8-8B4A-11D0-8D11-00A0C91BC942}") = "函数模板-比较参数空间大小", "函数模板-比较参数空间大小\函数模板-比较参数空间大小.vcxproj", "{969F29E0-BD4F-4B23-A52F-ABCA1F8C33A1}"
EndProject
Project("{8BC9CEB8-8B4A-11D0-8D11-00A0C91BC942}") = "函数模板-累加和", "函数模板-累加和\函数模板-累加和.vcxproj", "{CC56C59C-8A11-4772-AEA0-ABC083A981BB}"
EndProject
Project("{8BC9CEB8-8B4A-11D0-8D11-00A0C91BC942}") = "有序数组插入后仍保持有序", "有序数组插入后仍保持有序\有序数组插入后仍保持有序.vcxproj", "{6979E5F5-2539-4A1E-94DF-58773F4D6E6F}"
EndProject
Project("{8BC9CEB8-8B4A-11D0-8D11-00A0C91BC942}") = "100盏灯的亮灭", "100盏灯的亮灭\100盏灯的亮灭.vcxproj", "{FFFC61CE-1AED-445D-899C-3198E67661D6}"
EndProject
Project("{8BC9CEB8-8B4A-11D0-8D11-00A0C91BC942}") = "输入日期求天数", "输入日期求天数\输入日期求天数.vcxproj", "{940E8FEE-C6DE-4688-9EE2-571AB3B23901}"
EndProject
Project("{8BC9CEB8-8B4A-11D0-8D11-00A0C91BC942}") = "含相同值的成绩计数", "含相同值的成绩计数\含相同值的成绩计数.vcxproj", "{CF58C396-049A-45D3-8664-7A438E9F6AF0}"
EndProject
Project("{8BC9CEB8-8B4A-11D0-8D11-00A0C91BC942}") = "含相同值的成绩排序", "含相同值的成绩排序\含相同值的成绩排序.vcxproj", "{6F3FB978-7F6E-4930-A155-2C5F8346FB68}"
EndProject
Project("{8BC9CEB8-8B4A-11D0-8D11-00A0C91BC942}") = "汉诺塔-每步详细（横向）-3个变量+3个一维", "汉诺塔-每步详细（横向）-3个变量+3个一维\汉诺塔-每步详细（横向）-3个变量+3个一维.vcxproj", "{3AD24CBF-4588-4DD7-9355-5328A3E9C9B4}"
EndProject
Project("{8BC9CEB8-8B4A-11D0-8D11-00A0C91BC942}") = "汉诺塔-每步详细（横向）-1个一维+1个二维", "汉诺塔-每步详细（横向）-1个一维+1个二维\汉诺塔-每步详细（横向）-1个一维+1个二维.vcxproj", "{6A3813CE-757D-4E1E-BCD2-CAC4D7811833}"
EndProject
Project("{8BC9CEB8-8B4A-11D0-8D11-00A0C91BC942}") = "汉诺塔-每步详细（横向+纵向）", "汉诺塔-每步详细（横向+纵向）\汉诺塔-每步详细（横向+纵向）.vcxproj", "{FBB11C21-BDF8-4576-A554-A4713F7733DA}"
EndProject
Project("{8BC9CEB8-8B4A-11D0-8D11-00A0C91BC942}") = "凸多边形判断并求面积", "凸多边形判断并求面积\凸多边形判断并求面积.vcxproj", "{C4CD051E-4FA1-406B-A879-6581FC1736E3}"
EndProject
Project("{8BC9CEB8-8B4A-11D0-8D11-00A0C91BC942}") = "数独判断", "数独判断\数独判断.vcxproj", "{FF491AD8-ABB1-4E52-BB02-B90ADCBAA0D0}"
EndProject
Project("{8BC9CEB8-8B4A-11D0-8D11-00A0C91BC942}") = "打印年历", "打印年历\打印年历.vcxproj", "{AA8377B8-FE69-4FB6-B769-D451C33FB96A}"
EndProject
Project("{8BC9CEB8-8B4A-11D0-8D11-00A0C91BC942}") = "人民币转大写（char数组，一句输出，c）", "人民币转大写（char数组，一句输出，c）\人民币转大写（char数组，一句输出，c）.vcxproj", "{772606FC-478F-46E6-84E0-06832FCD8976}"
EndProject
Project("{8BC9CEB8-8B4A-11D0-8D11-00A0C91BC942}") = "人民币转大写（string类，一句输出）", "人民币转大写（string类，一句输出）\人民币转大写（string类，一句输出）.vcxproj", "{A57EB9D1-D788-4ED6-A686-1B9D88C87E55}"
EndProject
Project("{8BC9CEB8-8B4A-11D0-8D11-00A0C91BC942}") = "一组字符串处理函数", "一组字符串处理函数\一组字符串处理函数.vcxproj", "{E0538680-9409-4821-95C8-84B07C04D4FC}"
EndProject
Project("{8BC9CEB8-8B4A-11D0-8D11-00A0C91BC942}") = "扫雷内部数组生成", "扫雷内部数组生成\扫雷内部数组生成.vcxproj", "{9F5A4C43-CE57-45E1-ACCC-9D5B6183657B}"
EndProject
Project("{8BC9CEB8-8B4A-11D0-8D11-00A0C91BC942}") = "扫雷内部数组验证c", "扫雷内部数组验证c\扫雷内部数组验证c.vcxproj", "{C962B4DE-B719-4989-896A-2D628F4D58F7}"
EndProject
Project("{8BC9CEB8-8B4A-11D0-8D11-00A0C91BC942}") = "test-cct", "test-cct\test-cct.vcxproj", "{0C8DC63A-3D73-412D-B44D-473BB25AF744}"
EndProject
Project("{8BC9CEB8-8B4A-11D0-8D11-00A0C91BC942}") = "90-b1", "90-b1\90-b1.vcxproj", "{19CB6B83-A80C-4E08-A2AC-54C06F07CEA2}"
EndProject
Project("{8BC9CEB8-8B4A-11D0-8D11-00A0C91BC942}") = "统计各种字符的数量", "统计各种字符的数量\统计各种字符的数量.vcxproj", "{50BA8C01-4138-4934-B2B2-2DBE5941083E}"
EndProject
Project("{8BC9CEB8-8B4A-11D0-8D11-00A0C91BC942}") = "学号降序打印及格名单（c）", "学号降序打印及格名单（c）\学号降序打印及格名单（c）.vcxproj", "{EAB28576-4264-44F9-A2AA-5623801CBC4C}"
EndProject
Project("{8BC9CEB8-8B4A-11D0-8D11-00A0C91BC942}") = "成绩升序打印不及格名单（string类）", "成绩升序打印不及格名单（string类）\成绩升序打印不及格名单（string类）.vcxproj", "{AD90DF3F-7303-4237-B9B0-D6864844AFE0}"
EndProject
Project("{8BC9CEB8-8B4A-11D0-8D11-00A0C91BC942}") = "学号升序打印全部学生（string类）", "学号升序打印全部学生（string类）\学号升序打印全部学生（string类）.vcxproj", "{D5881496-9054-4003-97C5-3904707848CB}"
EndProject
Project("{8BC9CEB8-8B4A-11D0-8D11-00A0C91BC942}") = "成绩降序打印全部学生（c）", "成绩降序打印全部学生（c）\成绩降序打印全部学生（c）.vcxproj", "{AC6D8E13-8524-47A6-9E34-D7AB777684E3}"
EndProject
Project("{8BC9CEB8-8B4A-11D0-8D11-00A0C91BC942}") = "密码生成", "密码生成\密码生成.vcxproj", "{72ED081A-1749-455E-A91E-17DBB4D8FB38}"
EndProject
Project("{8BC9CEB8-8B4A-11D0-8D11-00A0C91BC942}") = "密码验证", "密码验证\密码验证.vcxproj", "{112FFBF1-9419-4850-9854-A40F4F118970}"
EndProject
Project("{8BC9CEB8-8B4A-11D0-8D11-00A0C91BC942}") = "字符串中取整数", "字符串中取整数\字符串中取整数.vcxproj", "{C4342E0C-A3BC-47E3-8E1B-0AECD87B600D}"
EndProject
Project("{8BC9CEB8-8B4A-11D0-8D11-00A0C91BC942}") = "判断回文串", "判断回文串\判断回文串.vcxproj", "{9E573702-3433-44CC-8C2A-F8BE79F4A193}"
EndProject
Project("{8BC9CEB8-8B4A-11D0-8D11-00A0C91BC942}") = "二进制转十进制", "二进制转十进制\二进制转十进制.vcxproj", "{9EFA9ACB-4EF7-42A3-90B9-35DA6BCEF2B2}"
EndProject
Project("{8BC9CEB8-8B4A-11D0-8D11-00A0C91BC942}") = "一组字符串处理函数（指针）", "一组字符串处理函数（指针）\一组字符串处理函数（指针）.vcxproj", "{6FDEE7CA-3CAA-45E8-81D7-313E10F55AD2}"
EndProject
Project("{8BC9CEB8-8B4A-11D0-8D11-00A0C91BC942}") = "若干数排列奇数在前偶数在后", "若干数排列奇数在前偶数在后\若干数排列奇数在前偶数在后.vcxproj", "{025FA5E6-EBD3-464D-95F6-9C9653281108}"
EndProject
Project("{8BC9CEB8-8B4A-11D0-8D11-00A0C91BC942}") = "秒数转日期", "秒数转日期\秒数转日期.vcxproj", "{3D846631-CFF1-46E6-818B-8F7F8E5CB855}"
EndProject
Project("{8BC9CEB8-8B4A-11D0-8D11-00A0C91BC942}") = "KFC点餐", "KFC点餐\KFC点餐.vcxproj", "{EA9DE0F1-73A9-4CEB-ACE4-4B471301DEAF}"
EndProject
Project("{8BC9CEB8-8B4A-11D0-8D11-00A0C91BC942}") = "求学生的加权平均成绩", "求学生的加权平均成绩\求学生的加权平均成绩.vcxproj", "{36703D99-BA20-49FD-A359-30BB61FFEF0C}"
EndProject
Project("{8BC9CEB8-8B4A-11D0-8D11-00A0C91BC942}") = "90-b2", "90-b2\90-b2.vcxproj", "{6D25B569-4196-406F-A186-B31A11904592}"
EndProject
Project("{8BC9CEB8-8B4A-11D0-8D11-00A0C91BC942}") = "文件转HEX格式", "文件转HEX格式\文件转HEX格式.vcxproj", "{F9C13016-32A5-41A5-9926-AC735451A901}"
EndProject
Project("{8BC9CEB8-8B4A-11D0-8D11-00A0C91BC942}") = "HEX格式文件复原", "HEX格式文件复原\HEX格式文件复原.vcxproj", "{C03B2461-2678-4BA4-AE0B-3383E02074F1}"
EndProject
Project("{8BC9CEB8-8B4A-11D0-8D11-00A0C91BC942}") = "mto 10-net-demo", "mto 10-net-demo\mto 10-net-demo.vcxproj", "{120261D9-A794-4871-A685-78DF31A3455E}"
EndProject
Project("{8BC9CEB8-8B4A-11D0-8D11-00A0C91BC942}") = "求三角形面积（方法1）", "求三角形面积（方法1）\求三角形面积（方法1）.vcxproj", "{A791E0DD-E8E9-41F4-BE7C-3479F6071007}"
EndProject
Project("{8BC9CEB8-8B4A-11D0-8D11-00A0C91BC942}") = "求三角形面积（方法2）", "求三角形面积（方法2）\求三角形面积（方法2）.vcxproj", "{743DC485-B5AC-4A2C-8009-B7AEB8A8EA9A}"
EndProject
Project("{8BC9CEB8-8B4A-11D0-8D11-00A0C91BC942}") = "选课数据分析", "选课数据分析\选课数据分析.vcxproj", "{976CAD69-1763-48B5-AD4A-439896A989B0}"
EndProject
Global
	GlobalSection(SolutionConfigurationPlatforms) = preSolution
		Debug|x64 = Debug|x64
		Debug|x86 = Debug|x86
		Release|x64 = Release|x64
		Release|x86 = Release|x86
	EndGlobalSection
	GlobalSection(ProjectConfigurationPlatforms) = postSolution
		{D2460F59-C328-4660-AD38-86477EFA2BD8}.Debug|x64.ActiveCfg = Debug|x64
		{D2460F59-C328-4660-AD38-86477EFA2BD8}.Debug|x64.Build.0 = Debug|x64
		{D2460F59-C328-4660-AD38-86477EFA2BD8}.Debug|x86.ActiveCfg = Debug|Win32
		{D2460F59-C328-4660-AD38-86477EFA2BD8}.Debug|x86.Build.0 = Debug|Win32
		{D2460F59-C328-4660-AD38-86477EFA2BD8}.Release|x64.ActiveCfg = Release|x64
		{D2460F59-C328-4660-AD38-86477EFA2BD8}.Release|x64.Build.0 = Release|x64
		{D2460F59-C328-4660-AD38-86477EFA2BD8}.Release|x86.ActiveCfg = Release|Win32
		{D2460F59-C328-4660-AD38-86477EFA2BD8}.Release|x86.Build.0 = Release|Win32
		{AF9C9746-B680-4343-BE88-102267A92148}.Debug|x64.ActiveCfg = Debug|x64
		{AF9C9746-B680-4343-BE88-102267A92148}.Debug|x64.Build.0 = Debug|x64
		{AF9C9746-B680-4343-BE88-102267A92148}.Debug|x86.ActiveCfg = Debug|Win32
		{AF9C9746-B680-4343-BE88-102267A92148}.Debug|x86.Build.0 = Debug|Win32
		{AF9C9746-B680-4343-BE88-102267A92148}.Release|x64.ActiveCfg = Release|x64
		{AF9C9746-B680-4343-BE88-102267A92148}.Release|x64.Build.0 = Release|x64
		{AF9C9746-B680-4343-BE88-102267A92148}.Release|x86.ActiveCfg = Release|Win32
		{AF9C9746-B680-4343-BE88-102267A92148}.Release|x86.Build.0 = Release|Win32
		{544B047B-C3B0-4D85-8561-C9913B573516}.Debug|x64.ActiveCfg = Debug|x64
		{544B047B-C3B0-4D85-8561-C9913B573516}.Debug|x64.Build.0 = Debug|x64
		{544B047B-C3B0-4D85-8561-C9913B573516}.Debug|x86.ActiveCfg = Debug|Win32
		{544B047B-C3B0-4D85-8561-C9913B573516}.Debug|x86.Build.0 = Debug|Win32
		{544B047B-C3B0-4D85-8561-C9913B573516}.Release|x64.ActiveCfg = Release|x64
		{544B047B-C3B0-4D85-8561-C9913B573516}.Release|x64.Build.0 = Release|x64
		{544B047B-C3B0-4D85-8561-C9913B573516}.Release|x86.ActiveCfg = Release|Win32
		{544B047B-C3B0-4D85-8561-C9913B573516}.Release|x86.Build.0 = Release|Win32
		{EC74A2BE-942B-4E01-A431-6E652D02B48C}.Debug|x64.ActiveCfg = Debug|x64
		{EC74A2BE-942B-4E01-A431-6E652D02B48C}.Debug|x64.Build.0 = Debug|x64
		{EC74A2BE-942B-4E01-A431-6E652D02B48C}.Debug|x86.ActiveCfg = Debug|Win32
		{EC74A2BE-942B-4E01-A431-6E652D02B48C}.Debug|x86.Build.0 = Debug|Win32
		{EC74A2BE-942B-4E01-A431-6E652D02B48C}.Release|x64.ActiveCfg = Release|x64
		{EC74A2BE-942B-4E01-A431-6E652D02B48C}.Release|x64.Build.0 = Release|x64
		{EC74A2BE-942B-4E01-A431-6E652D02B48C}.Release|x86.ActiveCfg = Release|Win32
		{EC74A2BE-942B-4E01-A431-6E652D02B48C}.Release|x86.Build.0 = Release|Win32
		{C3A322C4-FD94-4224-A828-9F7C3B23AC2D}.Debug|x64.ActiveCfg = Debug|x64
		{C3A322C4-FD94-4224-A828-9F7C3B23AC2D}.Debug|x64.Build.0 = Debug|x64
		{C3A322C4-FD94-4224-A828-9F7C3B23AC2D}.Debug|x86.ActiveCfg = Debug|Win32
		{C3A322C4-FD94-4224-A828-9F7C3B23AC2D}.Debug|x86.Build.0 = Debug|Win32
		{C3A322C4-FD94-4224-A828-9F7C3B23AC2D}.Release|x64.ActiveCfg = Release|x64
		{C3A322C4-FD94-4224-A828-9F7C3B23AC2D}.Release|x64.Build.0 = Release|x64
		{C3A322C4-FD94-4224-A828-9F7C3B23AC2D}.Release|x86.ActiveCfg = Release|Win32
		{C3A322C4-FD94-4224-A828-9F7C3B23AC2D}.Release|x86.Build.0 = Release|Win32
		{0A4DAB3F-DD18-4FF4-9038-3CD8A18B18E8}.Debug|x64.ActiveCfg = Debug|x64
		{0A4DAB3F-DD18-4FF4-9038-3CD8A18B18E8}.Debug|x64.Build.0 = Debug|x64
		{0A4DAB3F-DD18-4FF4-9038-3CD8A18B18E8}.Debug|x86.ActiveCfg = Debug|Win32
		{0A4DAB3F-DD18-4FF4-9038-3CD8A18B18E8}.Debug|x86.Build.0 = Debug|Win32
		{0A4DAB3F-DD18-4FF4-9038-3CD8A18B18E8}.Release|x64.ActiveCfg = Release|x64
		{0A4DAB3F-DD18-4FF4-9038-3CD8A18B18E8}.Release|x64.Build.0 = Release|x64
		{0A4DAB3F-DD18-4FF4-9038-3CD8A18B18E8}.Release|x86.ActiveCfg = Release|Win32
		{0A4DAB3F-DD18-4FF4-9038-3CD8A18B18E8}.Release|x86.Build.0 = Release|Win32
		{71A7FD42-D356-4B87-8021-A6C4CAFA33F1}.Debug|x64.ActiveCfg = Debug|x64
		{71A7FD42-D356-4B87-8021-A6C4CAFA33F1}.Debug|x64.Build.0 = Debug|x64
		{71A7FD42-D356-4B87-8021-A6C4CAFA33F1}.Debug|x86.ActiveCfg = Debug|Win32
		{71A7FD42-D356-4B87-8021-A6C4CAFA33F1}.Debug|x86.Build.0 = Debug|Win32
		{71A7FD42-D356-4B87-8021-A6C4CAFA33F1}.Release|x64.ActiveCfg = Release|x64
		{71A7FD42-D356-4B87-8021-A6C4CAFA33F1}.Release|x64.Build.0 = Release|x64
		{71A7FD42-D356-4B87-8021-A6C4CAFA33F1}.Release|x86.ActiveCfg = Release|Win32
		{71A7FD42-D356-4B87-8021-A6C4CAFA33F1}.Release|x86.Build.0 = Release|Win32
		{14E47825-A064-4A23-A3DC-5D90E93A6103}.Debug|x64.ActiveCfg = Debug|x64
		{14E47825-A064-4A23-A3DC-5D90E93A6103}.Debug|x64.Build.0 = Debug|x64
		{14E47825-A064-4A23-A3DC-5D90E93A6103}.Debug|x86.ActiveCfg = Debug|Win32
		{14E47825-A064-4A23-A3DC-5D90E93A6103}.Debug|x86.Build.0 = Debug|Win32
		{14E47825-A064-4A23-A3DC-5D90E93A6103}.Release|x64.ActiveCfg = Release|x64
		{14E47825-A064-4A23-A3DC-5D90E93A6103}.Release|x64.Build.0 = Release|x64
		{14E47825-A064-4A23-A3DC-5D90E93A6103}.Release|x86.ActiveCfg = Release|Win32
		{14E47825-A064-4A23-A3DC-5D90E93A6103}.Release|x86.Build.0 = Release|Win32
		{55458AAB-9238-4021-AC6C-A256149599C2}.Debug|x64.ActiveCfg = Debug|x64
		{55458AAB-9238-4021-AC6C-A256149599C2}.Debug|x64.Build.0 = Debug|x64
		{55458AAB-9238-4021-AC6C-A256149599C2}.Debug|x86.ActiveCfg = Debug|Win32
		{55458AAB-9238-4021-AC6C-A256149599C2}.Debug|x86.Build.0 = Debug|Win32
		{55458AAB-9238-4021-AC6C-A256149599C2}.Release|x64.ActiveCfg = Release|x64
		{55458AAB-9238-4021-AC6C-A256149599C2}.Release|x64.Build.0 = Release|x64
		{55458AAB-9238-4021-AC6C-A256149599C2}.Release|x86.ActiveCfg = Release|Win32
		{55458AAB-9238-4021-AC6C-A256149599C2}.Release|x86.Build.0 = Release|Win32
		{91B17ABD-686C-4C78-A85D-8776048DE8B3}.Debug|x64.ActiveCfg = Debug|x64
		{91B17ABD-686C-4C78-A85D-8776048DE8B3}.Debug|x64.Build.0 = Debug|x64
		{91B17ABD-686C-4C78-A85D-8776048DE8B3}.Debug|x86.ActiveCfg = Debug|Win32
		{91B17ABD-686C-4C78-A85D-8776048DE8B3}.Debug|x86.Build.0 = Debug|Win32
		{91B17ABD-686C-4C78-A85D-8776048DE8B3}.Release|x64.ActiveCfg = Release|x64
		{91B17ABD-686C-4C78-A85D-8776048DE8B3}.Release|x64.Build.0 = Release|x64
		{91B17ABD-686C-4C78-A85D-8776048DE8B3}.Release|x86.ActiveCfg = Release|Win32
		{91B17ABD-686C-4C78-A85D-8776048DE8B3}.Release|x86.Build.0 = Release|Win32
		{99A4EAF9-5E8B-4DC5-A923-86CD43258693}.Debug|x64.ActiveCfg = Debug|x64
		{99A4EAF9-5E8B-4DC5-A923-86CD43258693}.Debug|x64.Build.0 = Debug|x64
		{99A4EAF9-5E8B-4DC5-A923-86CD43258693}.Debug|x86.ActiveCfg = Debug|Win32
		{99A4EAF9-5E8B-4DC5-A923-86CD43258693}.Debug|x86.Build.0 = Debug|Win32
		{99A4EAF9-5E8B-4DC5-A923-86CD43258693}.Release|x64.ActiveCfg = Release|x64
		{99A4EAF9-5E8B-4DC5-A923-86CD43258693}.Release|x64.Build.0 = Release|x64
		{99A4EAF9-5E8B-4DC5-A923-86CD43258693}.Release|x86.ActiveCfg = Release|Win32
		{99A4EAF9-5E8B-4DC5-A923-86CD43258693}.Release|x86.Build.0 = Release|Win32
		{B30ADB5F-CB10-4646-B0F9-CC9C68419530}.Debug|x64.ActiveCfg = Debug|x64
		{B30ADB5F-CB10-4646-B0F9-CC9C68419530}.Debug|x64.Build.0 = Debug|x64
		{B30ADB5F-CB10-4646-B0F9-CC9C68419530}.Debug|x86.ActiveCfg = Debug|Win32
		{B30ADB5F-CB10-4646-B0F9-CC9C68419530}.Debug|x86.Build.0 = Debug|Win32
		{B30ADB5F-CB10-4646-B0F9-CC9C68419530}.Release|x64.ActiveCfg = Release|x64
		{B30ADB5F-CB10-4646-B0F9-CC9C68419530}.Release|x64.Build.0 = Release|x64
		{B30ADB5F-CB10-4646-B0F9-CC9C68419530}.Release|x86.ActiveCfg = Release|Win32
		{B30ADB5F-CB10-4646-B0F9-CC9C68419530}.Release|x86.Build.0 = Release|Win32
		{926AF9F3-768B-4A84-9F88-177C71FB433D}.Debug|x64.ActiveCfg = Debug|x64
		{926AF9F3-768B-4A84-9F88-177C71FB433D}.Debug|x64.Build.0 = Debug|x64
		{926AF9F3-768B-4A84-9F88-177C71FB433D}.Debug|x86.ActiveCfg = Debug|Win32
		{926AF9F3-768B-4A84-9F88-177C71FB433D}.Debug|x86.Build.0 = Debug|Win32
		{926AF9F3-768B-4A84-9F88-177C71FB433D}.Release|x64.ActiveCfg = Release|x64
		{926AF9F3-768B-4A84-9F88-177C71FB433D}.Release|x64.Build.0 = Release|x64
		{926AF9F3-768B-4A84-9F88-177C71FB433D}.Release|x86.ActiveCfg = Release|Win32
		{926AF9F3-768B-4A84-9F88-177C71FB433D}.Release|x86.Build.0 = Release|Win32
		{BBED3FEB-3E22-4EAD-B570-6B00FA779DDF}.Debug|x64.ActiveCfg = Debug|x64
		{BBED3FEB-3E22-4EAD-B570-6B00FA779DDF}.Debug|x64.Build.0 = Debug|x64
		{BBED3FEB-3E22-4EAD-B570-6B00FA779DDF}.Debug|x86.ActiveCfg = Debug|Win32
		{BBED3FEB-3E22-4EAD-B570-6B00FA779DDF}.Debug|x86.Build.0 = Debug|Win32
		{BBED3FEB-3E22-4EAD-B570-6B00FA779DDF}.Release|x64.ActiveCfg = Release|x64
		{BBED3FEB-3E22-4EAD-B570-6B00FA779DDF}.Release|x64.Build.0 = Release|x64
		{BBED3FEB-3E22-4EAD-B570-6B00FA779DDF}.Release|x86.ActiveCfg = Release|Win32
		{BBED3FEB-3E22-4EAD-B570-6B00FA779DDF}.Release|x86.Build.0 = Release|Win32
		{19C2805C-4D6E-4532-8609-E2BB44CB895F}.Debug|x64.ActiveCfg = Debug|x64
		{19C2805C-4D6E-4532-8609-E2BB44CB895F}.Debug|x64.Build.0 = Debug|x64
		{19C2805C-4D6E-4532-8609-E2BB44CB895F}.Debug|x86.ActiveCfg = Debug|Win32
		{19C2805C-4D6E-4532-8609-E2BB44CB895F}.Debug|x86.Build.0 = Debug|Win32
		{19C2805C-4D6E-4532-8609-E2BB44CB895F}.Release|x64.ActiveCfg = Release|x64
		{19C2805C-4D6E-4532-8609-E2BB44CB895F}.Release|x64.Build.0 = Release|x64
		{19C2805C-4D6E-4532-8609-E2BB44CB895F}.Release|x86.ActiveCfg = Release|Win32
		{19C2805C-4D6E-4532-8609-E2BB44CB895F}.Release|x86.Build.0 = Release|Win32
		{C0E63F8C-0A1C-42D6-9002-60DC9E1309B1}.Debug|x64.ActiveCfg = Debug|x64
		{C0E63F8C-0A1C-42D6-9002-60DC9E1309B1}.Debug|x64.Build.0 = Debug|x64
		{C0E63F8C-0A1C-42D6-9002-60DC9E1309B1}.Debug|x86.ActiveCfg = Debug|Win32
		{C0E63F8C-0A1C-42D6-9002-60DC9E1309B1}.Debug|x86.Build.0 = Debug|Win32
		{C0E63F8C-0A1C-42D6-9002-60DC9E1309B1}.Release|x64.ActiveCfg = Release|x64
		{C0E63F8C-0A1C-42D6-9002-60DC9E1309B1}.Release|x64.Build.0 = Release|x64
		{C0E63F8C-0A1C-42D6-9002-60DC9E1309B1}.Release|x86.ActiveCfg = Release|Win32
		{C0E63F8C-0A1C-42D6-9002-60DC9E1309B1}.Release|x86.Build.0 = Release|Win32
		{3F981A94-F7B0-4CE3-AE5A-01923A17F238}.Debug|x64.ActiveCfg = Debug|x64
		{3F981A94-F7B0-4CE3-AE5A-01923A17F238}.Debug|x64.Build.0 = Debug|x64
		{3F981A94-F7B0-4CE3-AE5A-01923A17F238}.Debug|x86.ActiveCfg = Debug|Win32
		{3F981A94-F7B0-4CE3-AE5A-01923A17F238}.Debug|x86.Build.0 = Debug|Win32
		{3F981A94-F7B0-4CE3-AE5A-01923A17F238}.Release|x64.ActiveCfg = Release|x64
		{3F981A94-F7B0-4CE3-AE5A-01923A17F238}.Release|x64.Build.0 = Release|x64
		{3F981A94-F7B0-4CE3-AE5A-01923A17F238}.Release|x86.ActiveCfg = Release|Win32
		{3F981A94-F7B0-4CE3-AE5A-01923A17F238}.Release|x86.Build.0 = Release|Win32
		{541CAA59-DB91-4DAF-8E8F-28748224F3B0}.Debug|x64.ActiveCfg = Debug|x64
		{541CAA59-DB91-4DAF-8E8F-28748224F3B0}.Debug|x64.Build.0 = Debug|x64
		{541CAA59-DB91-4DAF-8E8F-28748224F3B0}.Debug|x86.ActiveCfg = Debug|Win32
		{541CAA59-DB91-4DAF-8E8F-28748224F3B0}.Debug|x86.Build.0 = Debug|Win32
		{541CAA59-DB91-4DAF-8E8F-28748224F3B0}.Release|x64.ActiveCfg = Release|x64
		{541CAA59-DB91-4DAF-8E8F-28748224F3B0}.Release|x64.Build.0 = Release|x64
		{541CAA59-DB91-4DAF-8E8F-28748224F3B0}.Release|x86.ActiveCfg = Release|Win32
		{541CAA59-DB91-4DAF-8E8F-28748224F3B0}.Release|x86.Build.0 = Release|Win32
		{DC174387-B124-4420-9905-CCE75F7699FF}.Debug|x64.ActiveCfg = Debug|x64
		{DC174387-B124-4420-9905-CCE75F7699FF}.Debug|x64.Build.0 = Debug|x64
		{DC174387-B124-4420-9905-CCE75F7699FF}.Debug|x86.ActiveCfg = Debug|Win32
		{DC174387-B124-4420-9905-CCE75F7699FF}.Debug|x86.Build.0 = Debug|Win32
		{DC174387-B124-4420-9905-CCE75F7699FF}.Release|x64.ActiveCfg = Release|x64
		{DC174387-B124-4420-9905-CCE75F7699FF}.Release|x64.Build.0 = Release|x64
		{DC174387-B124-4420-9905-CCE75F7699FF}.Release|x86.ActiveCfg = Release|Win32
		{DC174387-B124-4420-9905-CCE75F7699FF}.Release|x86.Build.0 = Release|Win32
		{DCC78D93-5614-409B-8162-22D1E24F5C6F}.Debug|x64.ActiveCfg = Debug|x64
		{DCC78D93-5614-409B-8162-22D1E24F5C6F}.Debug|x64.Build.0 = Debug|x64
		{DCC78D93-5614-409B-8162-22D1E24F5C6F}.Debug|x86.ActiveCfg = Debug|Win32
		{DCC78D93-5614-409B-8162-22D1E24F5C6F}.Debug|x86.Build.0 = Debug|Win32
		{DCC78D93-5614-409B-8162-22D1E24F5C6F}.Release|x64.ActiveCfg = Release|x64
		{DCC78D93-5614-409B-8162-22D1E24F5C6F}.Release|x64.Build.0 = Release|x64
		{DCC78D93-5614-409B-8162-22D1E24F5C6F}.Release|x86.ActiveCfg = Release|Win32
		{DCC78D93-5614-409B-8162-22D1E24F5C6F}.Release|x86.Build.0 = Release|Win32
		{1AC1E815-397A-4714-9520-E29699FFEA33}.Debug|x64.ActiveCfg = Debug|x64
		{1AC1E815-397A-4714-9520-E29699FFEA33}.Debug|x64.Build.0 = Debug|x64
		{1AC1E815-397A-4714-9520-E29699FFEA33}.Debug|x86.ActiveCfg = Debug|Win32
		{1AC1E815-397A-4714-9520-E29699FFEA33}.Debug|x86.Build.0 = Debug|Win32
		{1AC1E815-397A-4714-9520-E29699FFEA33}.Release|x64.ActiveCfg = Release|x64
		{1AC1E815-397A-4714-9520-E29699FFEA33}.Release|x64.Build.0 = Release|x64
		{1AC1E815-397A-4714-9520-E29699FFEA33}.Release|x86.ActiveCfg = Release|Win32
		{1AC1E815-397A-4714-9520-E29699FFEA33}.Release|x86.Build.0 = Release|Win32
		{969F29E0-BD4F-4B23-A52F-ABCA1F8C33A1}.Debug|x64.ActiveCfg = Debug|x64
		{969F29E0-BD4F-4B23-A52F-ABCA1F8C33A1}.Debug|x64.Build.0 = Debug|x64
		{969F29E0-BD4F-4B23-A52F-ABCA1F8C33A1}.Debug|x86.ActiveCfg = Debug|Win32
		{969F29E0-BD4F-4B23-A52F-ABCA1F8C33A1}.Debug|x86.Build.0 = Debug|Win32
		{969F29E0-BD4F-4B23-A52F-ABCA1F8C33A1}.Release|x64.ActiveCfg = Release|x64
		{969F29E0-BD4F-4B23-A52F-ABCA1F8C33A1}.Release|x64.Build.0 = Release|x64
		{969F29E0-BD4F-4B23-A52F-ABCA1F8C33A1}.Release|x86.ActiveCfg = Release|Win32
		{969F29E0-BD4F-4B23-A52F-ABCA1F8C33A1}.Release|x86.Build.0 = Release|Win32
		{CC56C59C-8A11-4772-AEA0-ABC083A981BB}.Debug|x64.ActiveCfg = Debug|x64
		{CC56C59C-8A11-4772-AEA0-ABC083A981BB}.Debug|x64.Build.0 = Debug|x64
		{CC56C59C-8A11-4772-AEA0-ABC083A981BB}.Debug|x86.ActiveCfg = Debug|Win32
		{CC56C59C-8A11-4772-AEA0-ABC083A981BB}.Debug|x86.Build.0 = Debug|Win32
		{CC56C59C-8A11-4772-AEA0-ABC083A981BB}.Release|x64.ActiveCfg = Release|x64
		{CC56C59C-8A11-4772-AEA0-ABC083A981BB}.Release|x64.Build.0 = Release|x64
		{CC56C59C-8A11-4772-AEA0-ABC083A981BB}.Release|x86.ActiveCfg = Release|Win32
		{CC56C59C-8A11-4772-AEA0-ABC083A981BB}.Release|x86.Build.0 = Release|Win32
		{6979E5F5-2539-4A1E-94DF-58773F4D6E6F}.Debug|x64.ActiveCfg = Debug|x64
		{6979E5F5-2539-4A1E-94DF-58773F4D6E6F}.Debug|x64.Build.0 = Debug|x64
		{6979E5F5-2539-4A1E-94DF-58773F4D6E6F}.Debug|x86.ActiveCfg = Debug|Win32
		{6979E5F5-2539-4A1E-94DF-58773F4D6E6F}.Debug|x86.Build.0 = Debug|Win32
		{6979E5F5-2539-4A1E-94DF-58773F4D6E6F}.Release|x64.ActiveCfg = Release|x64
		{6979E5F5-2539-4A1E-94DF-58773F4D6E6F}.Release|x64.Build.0 = Release|x64
		{6979E5F5-2539-4A1E-94DF-58773F4D6E6F}.Release|x86.ActiveCfg = Release|Win32
		{6979E5F5-2539-4A1E-94DF-58773F4D6E6F}.Release|x86.Build.0 = Release|Win32
		{FFFC61CE-1AED-445D-899C-3198E67661D6}.Debug|x64.ActiveCfg = Debug|x64
		{FFFC61CE-1AED-445D-899C-3198E67661D6}.Debug|x64.Build.0 = Debug|x64
		{FFFC61CE-1AED-445D-899C-3198E67661D6}.Debug|x86.ActiveCfg = Debug|Win32
		{FFFC61CE-1AED-445D-899C-3198E67661D6}.Debug|x86.Build.0 = Debug|Win32
		{FFFC61CE-1AED-445D-899C-3198E67661D6}.Release|x64.ActiveCfg = Release|x64
		{FFFC61CE-1AED-445D-899C-3198E67661D6}.Release|x64.Build.0 = Release|x64
		{FFFC61CE-1AED-445D-899C-3198E67661D6}.Release|x86.ActiveCfg = Release|Win32
		{FFFC61CE-1AED-445D-899C-3198E67661D6}.Release|x86.Build.0 = Release|Win32
		{940E8FEE-C6DE-4688-9EE2-571AB3B23901}.Debug|x64.ActiveCfg = Debug|x64
		{940E8FEE-C6DE-4688-9EE2-571AB3B23901}.Debug|x64.Build.0 = Debug|x64
		{940E8FEE-C6DE-4688-9EE2-571AB3B23901}.Debug|x86.ActiveCfg = Debug|Win32
		{940E8FEE-C6DE-4688-9EE2-571AB3B23901}.Debug|x86.Build.0 = Debug|Win32
		{940E8FEE-C6DE-4688-9EE2-571AB3B23901}.Release|x64.ActiveCfg = Release|x64
		{940E8FEE-C6DE-4688-9EE2-571AB3B23901}.Release|x64.Build.0 = Release|x64
		{940E8FEE-C6DE-4688-9EE2-571AB3B23901}.Release|x86.ActiveCfg = Release|Win32
		{940E8FEE-C6DE-4688-9EE2-571AB3B23901}.Release|x86.Build.0 = Release|Win32
		{CF58C396-049A-45D3-8664-7A438E9F6AF0}.Debug|x64.ActiveCfg = Debug|x64
		{CF58C396-049A-45D3-8664-7A438E9F6AF0}.Debug|x64.Build.0 = Debug|x64
		{CF58C396-049A-45D3-8664-7A438E9F6AF0}.Debug|x86.ActiveCfg = Debug|Win32
		{CF58C396-049A-45D3-8664-7A438E9F6AF0}.Debug|x86.Build.0 = Debug|Win32
		{CF58C396-049A-45D3-8664-7A438E9F6AF0}.Release|x64.ActiveCfg = Release|x64
		{CF58C396-049A-45D3-8664-7A438E9F6AF0}.Release|x64.Build.0 = Release|x64
		{CF58C396-049A-45D3-8664-7A438E9F6AF0}.Release|x86.ActiveCfg = Release|Win32
		{CF58C396-049A-45D3-8664-7A438E9F6AF0}.Release|x86.Build.0 = Release|Win32
		{6F3FB978-7F6E-4930-A155-2C5F8346FB68}.Debug|x64.ActiveCfg = Debug|x64
		{6F3FB978-7F6E-4930-A155-2C5F8346FB68}.Debug|x64.Build.0 = Debug|x64
		{6F3FB978-7F6E-4930-A155-2C5F8346FB68}.Debug|x86.ActiveCfg = Debug|Win32
		{6F3FB978-7F6E-4930-A155-2C5F8346FB68}.Debug|x86.Build.0 = Debug|Win32
		{6F3FB978-7F6E-4930-A155-2C5F8346FB68}.Release|x64.ActiveCfg = Release|x64
		{6F3FB978-7F6E-4930-A155-2C5F8346FB68}.Release|x64.Build.0 = Release|x64
		{6F3FB978-7F6E-4930-A155-2C5F8346FB68}.Release|x86.ActiveCfg = Release|Win32
		{6F3FB978-7F6E-4930-A155-2C5F8346FB68}.Release|x86.Build.0 = Release|Win32
		{3AD24CBF-4588-4DD7-9355-5328A3E9C9B4}.Debug|x64.ActiveCfg = Debug|x64
		{3AD24CBF-4588-4DD7-9355-5328A3E9C9B4}.Debug|x64.Build.0 = Debug|x64
		{3AD24CBF-4588-4DD7-9355-5328A3E9C9B4}.Debug|x86.ActiveCfg = Debug|Win32
		{3AD24CBF-4588-4DD7-9355-5328A3E9C9B4}.Debug|x86.Build.0 = Debug|Win32
		{3AD24CBF-4588-4DD7-9355-5328A3E9C9B4}.Release|x64.ActiveCfg = Release|x64
		{3AD24CBF-4588-4DD7-9355-5328A3E9C9B4}.Release|x64.Build.0 = Release|x64
		{3AD24CBF-4588-4DD7-9355-5328A3E9C9B4}.Release|x86.ActiveCfg = Release|Win32
		{3AD24CBF-4588-4DD7-9355-5328A3E9C9B4}.Release|x86.Build.0 = Release|Win32
		{6A3813CE-757D-4E1E-BCD2-CAC4D7811833}.Debug|x64.ActiveCfg = Debug|x64
		{6A3813CE-757D-4E1E-BCD2-CAC4D7811833}.Debug|x64.Build.0 = Debug|x64
		{6A3813CE-757D-4E1E-BCD2-CAC4D7811833}.Debug|x86.ActiveCfg = Debug|Win32
		{6A3813CE-757D-4E1E-BCD2-CAC4D7811833}.Debug|x86.Build.0 = Debug|Win32
		{6A3813CE-757D-4E1E-BCD2-CAC4D7811833}.Release|x64.ActiveCfg = Release|x64
		{6A3813CE-757D-4E1E-BCD2-CAC4D7811833}.Release|x64.Build.0 = Release|x64
		{6A3813CE-757D-4E1E-BCD2-CAC4D7811833}.Release|x86.ActiveCfg = Release|Win32
		{6A3813CE-757D-4E1E-BCD2-CAC4D7811833}.Release|x86.Build.0 = Release|Win32
		{FBB11C21-BDF8-4576-A554-A4713F7733DA}.Debug|x64.ActiveCfg = Debug|x64
		{FBB11C21-BDF8-4576-A554-A4713F7733DA}.Debug|x64.Build.0 = Debug|x64
		{FBB11C21-BDF8-4576-A554-A4713F7733DA}.Debug|x86.ActiveCfg = Debug|Win32
		{FBB11C21-BDF8-4576-A554-A4713F7733DA}.Debug|x86.Build.0 = Debug|Win32
		{FBB11C21-BDF8-4576-A554-A4713F7733DA}.Release|x64.ActiveCfg = Release|x64
		{FBB11C21-BDF8-4576-A554-A4713F7733DA}.Release|x64.Build.0 = Release|x64
		{FBB11C21-BDF8-4576-A554-A4713F7733DA}.Release|x86.ActiveCfg = Release|Win32
		{FBB11C21-BDF8-4576-A554-A4713F7733DA}.Release|x86.Build.0 = Release|Win32
		{C4CD051E-4FA1-406B-A879-6581FC1736E3}.Debug|x64.ActiveCfg = Debug|x64
		{C4CD051E-4FA1-406B-A879-6581FC1736E3}.Debug|x64.Build.0 = Debug|x64
		{C4CD051E-4FA1-406B-A879-6581FC1736E3}.Debug|x86.ActiveCfg = Debug|Win32
		{C4CD051E-4FA1-406B-A879-6581FC1736E3}.Debug|x86.Build.0 = Debug|Win32
		{C4CD051E-4FA1-406B-A879-6581FC1736E3}.Release|x64.ActiveCfg = Release|x64
		{C4CD051E-4FA1-406B-A879-6581FC1736E3}.Release|x64.Build.0 = Release|x64
		{C4CD051E-4FA1-406B-A879-6581FC1736E3}.Release|x86.ActiveCfg = Release|Win32
		{C4CD051E-4FA1-406B-A879-6581FC1736E3}.Release|x86.Build.0 = Release|Win32
		{FF491AD8-ABB1-4E52-BB02-B90ADCBAA0D0}.Debug|x64.ActiveCfg = Debug|x64
		{FF491AD8-ABB1-4E52-BB02-B90ADCBAA0D0}.Debug|x64.Build.0 = Debug|x64
		{FF491AD8-ABB1-4E52-BB02-B90ADCBAA0D0}.Debug|x86.ActiveCfg = Debug|Win32
		{FF491AD8-ABB1-4E52-BB02-B90ADCBAA0D0}.Debug|x86.Build.0 = Debug|Win32
		{FF491AD8-ABB1-4E52-BB02-B90ADCBAA0D0}.Release|x64.ActiveCfg = Release|x64
		{FF491AD8-ABB1-4E52-BB02-B90ADCBAA0D0}.Release|x64.Build.0 = Release|x64
		{FF491AD8-ABB1-4E52-BB02-B90ADCBAA0D0}.Release|x86.ActiveCfg = Release|Win32
		{FF491AD8-ABB1-4E52-BB02-B90ADCBAA0D0}.Release|x86.Build.0 = Release|Win32
		{AA8377B8-FE69-4FB6-B769-D451C33FB96A}.Debug|x64.ActiveCfg = Debug|x64
		{AA8377B8-FE69-4FB6-B769-D451C33FB96A}.Debug|x64.Build.0 = Debug|x64
		{AA8377B8-FE69-4FB6-B769-D451C33FB96A}.Debug|x86.ActiveCfg = Debug|Win32
		{AA8377B8-FE69-4FB6-B769-D451C33FB96A}.Debug|x86.Build.0 = Debug|Win32
		{AA8377B8-FE69-4FB6-B769-D451C33FB96A}.Release|x64.ActiveCfg = Release|x64
		{AA8377B8-FE69-4FB6-B769-D451C33FB96A}.Release|x64.Build.0 = Release|x64
		{AA8377B8-FE69-4FB6-B769-D451C33FB96A}.Release|x86.ActiveCfg = Release|Win32
		{AA8377B8-FE69-4FB6-B769-D451C33FB96A}.Release|x86.Build.0 = Release|Win32
		{772606FC-478F-46E6-84E0-06832FCD8976}.Debug|x64.ActiveCfg = Debug|x64
		{772606FC-478F-46E6-84E0-06832FCD8976}.Debug|x64.Build.0 = Debug|x64
		{772606FC-478F-46E6-84E0-06832FCD8976}.Debug|x86.ActiveCfg = Debug|Win32
		{772606FC-478F-46E6-84E0-06832FCD8976}.Debug|x86.Build.0 = Debug|Win32
		{772606FC-478F-46E6-84E0-06832FCD8976}.Release|x64.ActiveCfg = Release|x64
		{772606FC-478F-46E6-84E0-06832FCD8976}.Release|x64.Build.0 = Release|x64
		{772606FC-478F-46E6-84E0-06832FCD8976}.Release|x86.ActiveCfg = Release|Win32
		{772606FC-478F-46E6-84E0-06832FCD8976}.Release|x86.Build.0 = Release|Win32
		{A57EB9D1-D788-4ED6-A686-1B9D88C87E55}.Debug|x64.ActiveCfg = Debug|x64
		{A57EB9D1-D788-4ED6-A686-1B9D88C87E55}.Debug|x64.Build.0 = Debug|x64
		{A57EB9D1-D788-4ED6-A686-1B9D88C87E55}.Debug|x86.ActiveCfg = Debug|Win32
		{A57EB9D1-D788-4ED6-A686-1B9D88C87E55}.Debug|x86.Build.0 = Debug|Win32
		{A57EB9D1-D788-4ED6-A686-1B9D88C87E55}.Release|x64.ActiveCfg = Release|x64
		{A57EB9D1-D788-4ED6-A686-1B9D88C87E55}.Release|x64.Build.0 = Release|x64
		{A57EB9D1-D788-4ED6-A686-1B9D88C87E55}.Release|x86.ActiveCfg = Release|Win32
		{A57EB9D1-D788-4ED6-A686-1B9D88C87E55}.Release|x86.Build.0 = Release|Win32
		{E0538680-9409-4821-95C8-84B07C04D4FC}.Debug|x64.ActiveCfg = Debug|x64
		{E0538680-9409-4821-95C8-84B07C04D4FC}.Debug|x64.Build.0 = Debug|x64
		{E0538680-9409-4821-95C8-84B07C04D4FC}.Debug|x86.ActiveCfg = Debug|Win32
		{E0538680-9409-4821-95C8-84B07C04D4FC}.Debug|x86.Build.0 = Debug|Win32
		{E0538680-9409-4821-95C8-84B07C04D4FC}.Release|x64.ActiveCfg = Release|x64
		{E0538680-9409-4821-95C8-84B07C04D4FC}.Release|x64.Build.0 = Release|x64
		{E0538680-9409-4821-95C8-84B07C04D4FC}.Release|x86.ActiveCfg = Release|Win32
		{E0538680-9409-4821-95C8-84B07C04D4FC}.Release|x86.Build.0 = Release|Win32
		{9F5A4C43-CE57-45E1-ACCC-9D5B6183657B}.Debug|x64.ActiveCfg = Debug|x64
		{9F5A4C43-CE57-45E1-ACCC-9D5B6183657B}.Debug|x64.Build.0 = Debug|x64
		{9F5A4C43-CE57-45E1-ACCC-9D5B6183657B}.Debug|x86.ActiveCfg = Debug|Win32
		{9F5A4C43-CE57-45E1-ACCC-9D5B6183657B}.Debug|x86.Build.0 = Debug|Win32
		{9F5A4C43-CE57-45E1-ACCC-9D5B6183657B}.Release|x64.ActiveCfg = Release|x64
		{9F5A4C43-CE57-45E1-ACCC-9D5B6183657B}.Release|x64.Build.0 = Release|x64
		{9F5A4C43-CE57-45E1-ACCC-9D5B6183657B}.Release|x86.ActiveCfg = Release|Win32
		{9F5A4C43-CE57-45E1-ACCC-9D5B6183657B}.Release|x86.Build.0 = Release|Win32
		{C962B4DE-B719-4989-896A-2D628F4D58F7}.Debug|x64.ActiveCfg = Debug|x64
		{C962B4DE-B719-4989-896A-2D628F4D58F7}.Debug|x64.Build.0 = Debug|x64
		{C962B4DE-B719-4989-896A-2D628F4D58F7}.Debug|x86.ActiveCfg = Debug|Win32
		{C962B4DE-B719-4989-896A-2D628F4D58F7}.Debug|x86.Build.0 = Debug|Win32
		{C962B4DE-B719-4989-896A-2D628F4D58F7}.Release|x64.ActiveCfg = Release|x64
		{C962B4DE-B719-4989-896A-2D628F4D58F7}.Release|x64.Build.0 = Release|x64
		{C962B4DE-B719-4989-896A-2D628F4D58F7}.Release|x86.ActiveCfg = Release|Win32
		{C962B4DE-B719-4989-896A-2D628F4D58F7}.Release|x86.Build.0 = Release|Win32
		{0C8DC63A-3D73-412D-B44D-473BB25AF744}.Debug|x64.ActiveCfg = Debug|x64
		{0C8DC63A-3D73-412D-B44D-473BB25AF744}.Debug|x64.Build.0 = Debug|x64
		{0C8DC63A-3D73-412D-B44D-473BB25AF744}.Debug|x86.ActiveCfg = Debug|Win32
		{0C8DC63A-3D73-412D-B44D-473BB25AF744}.Debug|x86.Build.0 = Debug|Win32
		{0C8DC63A-3D73-412D-B44D-473BB25AF744}.Release|x64.ActiveCfg = Release|x64
		{0C8DC63A-3D73-412D-B44D-473BB25AF744}.Release|x64.Build.0 = Release|x64
		{0C8DC63A-3D73-412D-B44D-473BB25AF744}.Release|x86.ActiveCfg = Release|Win32
		{0C8DC63A-3D73-412D-B44D-473BB25AF744}.Release|x86.Build.0 = Release|Win32
		{19CB6B83-A80C-4E08-A2AC-54C06F07CEA2}.Debug|x64.ActiveCfg = Debug|x64
		{19CB6B83-A80C-4E08-A2AC-54C06F07CEA2}.Debug|x64.Build.0 = Debug|x64
		{19CB6B83-A80C-4E08-A2AC-54C06F07CEA2}.Debug|x86.ActiveCfg = Debug|Win32
		{19CB6B83-A80C-4E08-A2AC-54C06F07CEA2}.Debug|x86.Build.0 = Debug|Win32
		{19CB6B83-A80C-4E08-A2AC-54C06F07CEA2}.Release|x64.ActiveCfg = Release|x64
		{19CB6B83-A80C-4E08-A2AC-54C06F07CEA2}.Release|x64.Build.0 = Release|x64
		{19CB6B83-A80C-4E08-A2AC-54C06F07CEA2}.Release|x86.ActiveCfg = Release|Win32
		{19CB6B83-A80C-4E08-A2AC-54C06F07CEA2}.Release|x86.Build.0 = Release|Win32
		{50BA8C01-4138-4934-B2B2-2DBE5941083E}.Debug|x64.ActiveCfg = Debug|x64
		{50BA8C01-4138-4934-B2B2-2DBE5941083E}.Debug|x64.Build.0 = Debug|x64
		{50BA8C01-4138-4934-B2B2-2DBE5941083E}.Debug|x86.ActiveCfg = Debug|Win32
		{50BA8C01-4138-4934-B2B2-2DBE5941083E}.Debug|x86.Build.0 = Debug|Win32
		{50BA8C01-4138-4934-B2B2-2DBE5941083E}.Release|x64.ActiveCfg = Release|x64
		{50BA8C01-4138-4934-B2B2-2DBE5941083E}.Release|x64.Build.0 = Release|x64
		{50BA8C01-4138-4934-B2B2-2DBE5941083E}.Release|x86.ActiveCfg = Release|Win32
		{50BA8C01-4138-4934-B2B2-2DBE5941083E}.Release|x86.Build.0 = Release|Win32
		{EAB28576-4264-44F9-A2AA-5623801CBC4C}.Debug|x64.ActiveCfg = Debug|x64
		{EAB28576-4264-44F9-A2AA-5623801CBC4C}.Debug|x64.Build.0 = Debug|x64
		{EAB28576-4264-44F9-A2AA-5623801CBC4C}.Debug|x86.ActiveCfg = Debug|Win32
		{EAB28576-4264-44F9-A2AA-5623801CBC4C}.Debug|x86.Build.0 = Debug|Win32
		{EAB28576-4264-44F9-A2AA-5623801CBC4C}.Release|x64.ActiveCfg = Release|x64
		{EAB28576-4264-44F9-A2AA-5623801CBC4C}.Release|x64.Build.0 = Release|x64
		{EAB28576-4264-44F9-A2AA-5623801CBC4C}.Release|x86.ActiveCfg = Release|Win32
		{EAB28576-4264-44F9-A2AA-5623801CBC4C}.Release|x86.Build.0 = Release|Win32
		{AD90DF3F-7303-4237-B9B0-D6864844AFE0}.Debug|x64.ActiveCfg = Debug|x64
		{AD90DF3F-7303-4237-B9B0-D6864844AFE0}.Debug|x64.Build.0 = Debug|x64
		{AD90DF3F-7303-4237-B9B0-D6864844AFE0}.Debug|x86.ActiveCfg = Debug|Win32
		{AD90DF3F-7303-4237-B9B0-D6864844AFE0}.Debug|x86.Build.0 = Debug|Win32
		{AD90DF3F-7303-4237-B9B0-D6864844AFE0}.Release|x64.ActiveCfg = Release|x64
		{AD90DF3F-7303-4237-B9B0-D6864844AFE0}.Release|x64.Build.0 = Release|x64
		{AD90DF3F-7303-4237-B9B0-D6864844AFE0}.Release|x86.ActiveCfg = Release|Win32
		{AD90DF3F-7303-4237-B9B0-D6864844AFE0}.Release|x86.Build.0 = Release|Win32
		{D5881496-9054-4003-97C5-3904707848CB}.Debug|x64.ActiveCfg = Debug|x64
		{D5881496-9054-4003-97C5-3904707848CB}.Debug|x64.Build.0 = Debug|x64
		{D5881496-9054-4003-97C5-3904707848CB}.Debug|x86.ActiveCfg = Debug|Win32
		{D5881496-9054-4003-97C5-3904707848CB}.Debug|x86.Build.0 = Debug|Win32
		{D5881496-9054-4003-97C5-3904707848CB}.Release|x64.ActiveCfg = Release|x64
		{D5881496-9054-4003-97C5-3904707848CB}.Release|x64.Build.0 = Release|x64
		{D5881496-9054-4003-97C5-3904707848CB}.Release|x86.ActiveCfg = Release|Win32
		{D5881496-9054-4003-97C5-3904707848CB}.Release|x86.Build.0 = Release|Win32
		{AC6D8E13-8524-47A6-9E34-D7AB777684E3}.Debug|x64.ActiveCfg = Debug|x64
		{AC6D8E13-8524-47A6-9E34-D7AB777684E3}.Debug|x64.Build.0 = Debug|x64
		{AC6D8E13-8524-47A6-9E34-D7AB777684E3}.Debug|x86.ActiveCfg = Debug|Win32
		{AC6D8E13-8524-47A6-9E34-D7AB777684E3}.Debug|x86.Build.0 = Debug|Win32
		{AC6D8E13-8524-47A6-9E34-D7AB777684E3}.Release|x64.ActiveCfg = Release|x64
		{AC6D8E13-8524-47A6-9E34-D7AB777684E3}.Release|x64.Build.0 = Release|x64
		{AC6D8E13-8524-47A6-9E34-D7AB777684E3}.Release|x86.ActiveCfg = Release|Win32
		{AC6D8E13-8524-47A6-9E34-D7AB777684E3}.Release|x86.Build.0 = Release|Win32
		{72ED081A-1749-455E-A91E-17DBB4D8FB38}.Debug|x64.ActiveCfg = Debug|x64
		{72ED081A-1749-455E-A91E-17DBB4D8FB38}.Debug|x64.Build.0 = Debug|x64
		{72ED081A-1749-455E-A91E-17DBB4D8FB38}.Debug|x86.ActiveCfg = Debug|Win32
		{72ED081A-1749-455E-A91E-17DBB4D8FB38}.Debug|x86.Build.0 = Debug|Win32
		{72ED081A-1749-455E-A91E-17DBB4D8FB38}.Release|x64.ActiveCfg = Release|x64
		{72ED081A-1749-455E-A91E-17DBB4D8FB38}.Release|x64.Build.0 = Release|x64
		{72ED081A-1749-455E-A91E-17DBB4D8FB38}.Release|x86.ActiveCfg = Release|Win32
		{72ED081A-1749-455E-A91E-17DBB4D8FB38}.Release|x86.Build.0 = Release|Win32
		{112FFBF1-9419-4850-9854-A40F4F118970}.Debug|x64.ActiveCfg = Debug|x64
		{112FFBF1-9419-4850-9854-A40F4F118970}.Debug|x64.Build.0 = Debug|x64
		{112FFBF1-9419-4850-9854-A40F4F118970}.Debug|x86.ActiveCfg = Debug|Win32
		{112FFBF1-9419-4850-9854-A40F4F118970}.Debug|x86.Build.0 = Debug|Win32
		{112FFBF1-9419-4850-9854-A40F4F118970}.Release|x64.ActiveCfg = Release|x64
		{112FFBF1-9419-4850-9854-A40F4F118970}.Release|x64.Build.0 = Release|x64
		{112FFBF1-9419-4850-9854-A40F4F118970}.Release|x86.ActiveCfg = Release|Win32
		{112FFBF1-9419-4850-9854-A40F4F118970}.Release|x86.Build.0 = Release|Win32
		{C4342E0C-A3BC-47E3-8E1B-0AECD87B600D}.Debug|x64.ActiveCfg = Debug|x64
		{C4342E0C-A3BC-47E3-8E1B-0AECD87B600D}.Debug|x64.Build.0 = Debug|x64
		{C4342E0C-A3BC-47E3-8E1B-0AECD87B600D}.Debug|x86.ActiveCfg = Debug|Win32
		{C4342E0C-A3BC-47E3-8E1B-0AECD87B600D}.Debug|x86.Build.0 = Debug|Win32
		{C4342E0C-A3BC-47E3-8E1B-0AECD87B600D}.Release|x64.ActiveCfg = Release|x64
		{C4342E0C-A3BC-47E3-8E1B-0AECD87B600D}.Release|x64.Build.0 = Release|x64
		{C4342E0C-A3BC-47E3-8E1B-0AECD87B600D}.Release|x86.ActiveCfg = Release|Win32
		{C4342E0C-A3BC-47E3-8E1B-0AECD87B600D}.Release|x86.Build.0 = Release|Win32
		{9E573702-3433-44CC-8C2A-F8BE79F4A193}.Debug|x64.ActiveCfg = Debug|x64
		{9E573702-3433-44CC-8C2A-F8BE79F4A193}.Debug|x64.Build.0 = Debug|x64
		{9E573702-3433-44CC-8C2A-F8BE79F4A193}.Debug|x86.ActiveCfg = Debug|Win32
		{9E573702-3433-44CC-8C2A-F8BE79F4A193}.Debug|x86.Build.0 = Debug|Win32
		{9E573702-3433-44CC-8C2A-F8BE79F4A193}.Release|x64.ActiveCfg = Release|x64
		{9E573702-3433-44CC-8C2A-F8BE79F4A193}.Release|x64.Build.0 = Release|x64
		{9E573702-3433-44CC-8C2A-F8BE79F4A193}.Release|x86.ActiveCfg = Release|Win32
		{9E573702-3433-44CC-8C2A-F8BE79F4A193}.Release|x86.Build.0 = Release|Win32
		{9EFA9ACB-4EF7-42A3-90B9-35DA6BCEF2B2}.Debug|x64.ActiveCfg = Debug|x64
		{9EFA9ACB-4EF7-42A3-90B9-35DA6BCEF2B2}.Debug|x64.Build.0 = Debug|x64
		{9EFA9ACB-4EF7-42A3-90B9-35DA6BCEF2B2}.Debug|x86.ActiveCfg = Debug|Win32
		{9EFA9ACB-4EF7-42A3-90B9-35DA6BCEF2B2}.Debug|x86.Build.0 = Debug|Win32
		{9EFA9ACB-4EF7-42A3-90B9-35DA6BCEF2B2}.Release|x64.ActiveCfg = Release|x64
		{9EFA9ACB-4EF7-42A3-90B9-35DA6BCEF2B2}.Release|x64.Build.0 = Release|x64
		{9EFA9ACB-4EF7-42A3-90B9-35DA6BCEF2B2}.Release|x86.ActiveCfg = Release|Win32
		{9EFA9ACB-4EF7-42A3-90B9-35DA6BCEF2B2}.Release|x86.Build.0 = Release|Win32
		{6FDEE7CA-3CAA-45E8-81D7-313E10F55AD2}.Debug|x64.ActiveCfg = Debug|x64
		{6FDEE7CA-3CAA-45E8-81D7-313E10F55AD2}.Debug|x64.Build.0 = Debug|x64
		{6FDEE7CA-3CAA-45E8-81D7-313E10F55AD2}.Debug|x86.ActiveCfg = Debug|Win32
		{6FDEE7CA-3CAA-45E8-81D7-313E10F55AD2}.Debug|x86.Build.0 = Debug|Win32
		{6FDEE7CA-3CAA-45E8-81D7-313E10F55AD2}.Release|x64.ActiveCfg = Release|x64
		{6FDEE7CA-3CAA-45E8-81D7-313E10F55AD2}.Release|x64.Build.0 = Release|x64
		{6FDEE7CA-3CAA-45E8-81D7-313E10F55AD2}.Release|x86.ActiveCfg = Release|Win32
		{6FDEE7CA-3CAA-45E8-81D7-313E10F55AD2}.Release|x86.Build.0 = Release|Win32
		{025FA5E6-EBD3-464D-95F6-9C9653281108}.Debug|x64.ActiveCfg = Debug|x64
		{025FA5E6-EBD3-464D-95F6-9C9653281108}.Debug|x64.Build.0 = Debug|x64
		{025FA5E6-EBD3-464D-95F6-9C9653281108}.Debug|x86.ActiveCfg = Debug|Win32
		{025FA5E6-EBD3-464D-95F6-9C9653281108}.Debug|x86.Build.0 = Debug|Win32
		{025FA5E6-EBD3-464D-95F6-9C9653281108}.Release|x64.ActiveCfg = Release|x64
		{025FA5E6-EBD3-464D-95F6-9C9653281108}.Release|x64.Build.0 = Release|x64
		{025FA5E6-EBD3-464D-95F6-9C9653281108}.Release|x86.ActiveCfg = Release|Win32
		{025FA5E6-EBD3-464D-95F6-9C9653281108}.Release|x86.Build.0 = Release|Win32
		{3D846631-CFF1-46E6-818B-8F7F8E5CB855}.Debug|x64.ActiveCfg = Debug|x64
		{3D846631-CFF1-46E6-818B-8F7F8E5CB855}.Debug|x64.Build.0 = Debug|x64
		{3D846631-CFF1-46E6-818B-8F7F8E5CB855}.Debug|x86.ActiveCfg = Debug|Win32
		{3D846631-CFF1-46E6-818B-8F7F8E5CB855}.Debug|x86.Build.0 = Debug|Win32
		{3D846631-CFF1-46E6-818B-8F7F8E5CB855}.Release|x64.ActiveCfg = Release|x64
		{3D846631-CFF1-46E6-818B-8F7F8E5CB855}.Release|x64.Build.0 = Release|x64
		{3D846631-CFF1-46E6-818B-8F7F8E5CB855}.Release|x86.ActiveCfg = Release|Win32
		{3D846631-CFF1-46E6-818B-8F7F8E5CB855}.Release|x86.Build.0 = Release|Win32
		{EA9DE0F1-73A9-4CEB-ACE4-4B471301DEAF}.Debug|x64.ActiveCfg = Debug|x64
		{EA9DE0F1-73A9-4CEB-ACE4-4B471301DEAF}.Debug|x64.Build.0 = Debug|x64
		{EA9DE0F1-73A9-4CEB-ACE4-4B471301DEAF}.Debug|x86.ActiveCfg = Debug|Win32
		{EA9DE0F1-73A9-4CEB-ACE4-4B471301DEAF}.Debug|x86.Build.0 = Debug|Win32
		{EA9DE0F1-73A9-4CEB-ACE4-4B471301DEAF}.Release|x64.ActiveCfg = Release|x64
		{EA9DE0F1-73A9-4CEB-ACE4-4B471301DEAF}.Release|x64.Build.0 = Release|x64
		{EA9DE0F1-73A9-4CEB-ACE4-4B471301DEAF}.Release|x86.ActiveCfg = Release|Win32
		{EA9DE0F1-73A9-4CEB-ACE4-4B471301DEAF}.Release|x86.Build.0 = Release|Win32
		{36703D99-BA20-49FD-A359-30BB61FFEF0C}.Debug|x64.ActiveCfg = Debug|x64
		{36703D99-BA20-49FD-A359-30BB61FFEF0C}.Debug|x64.Build.0 = Debug|x64
		{36703D99-BA20-49FD-A359-30BB61FFEF0C}.Debug|x86.ActiveCfg = Debug|Win32
		{36703D99-BA20-49FD-A359-30BB61FFEF0C}.Debug|x86.Build.0 = Debug|Win32
		{36703D99-BA20-49FD-A359-30BB61FFEF0C}.Release|x64.ActiveCfg = Release|x64
		{36703D99-BA20-49FD-A359-30BB61FFEF0C}.Release|x64.Build.0 = Release|x64
		{36703D99-BA20-49FD-A359-30BB61FFEF0C}.Release|x86.ActiveCfg = Release|Win32
		{36703D99-BA20-49FD-A359-30BB61FFEF0C}.Release|x86.Build.0 = Release|Win32
		{6D25B569-4196-406F-A186-B31A11904592}.Debug|x64.ActiveCfg = Debug|x64
		{6D25B569-4196-406F-A186-B31A11904592}.Debug|x64.Build.0 = Debug|x64
		{6D25B569-4196-406F-A186-B31A11904592}.Debug|x86.ActiveCfg = Debug|Win32
		{6D25B569-4196-406F-A186-B31A11904592}.Debug|x86.Build.0 = Debug|Win32
		{6D25B569-4196-406F-A186-B31A11904592}.Release|x64.ActiveCfg = Release|x64
		{6D25B569-4196-406F-A186-B31A11904592}.Release|x64.Build.0 = Release|x64
		{6D25B569-4196-406F-A186-B31A11904592}.Release|x86.ActiveCfg = Release|Win32
		{6D25B569-4196-406F-A186-B31A11904592}.Release|x86.Build.0 = Release|Win32
		{F9C13016-32A5-41A5-9926-AC735451A901}.Debug|x64.ActiveCfg = Debug|x64
		{F9C13016-32A5-41A5-9926-AC735451A901}.Debug|x64.Build.0 = Debug|x64
		{F9C13016-32A5-41A5-9926-AC735451A901}.Debug|x86.ActiveCfg = Debug|Win32
		{F9C13016-32A5-41A5-9926-AC735451A901}.Debug|x86.Build.0 = Debug|Win32
		{F9C13016-32A5-41A5-9926-AC735451A901}.Release|x64.ActiveCfg = Release|x64
		{F9C13016-32A5-41A5-9926-AC735451A901}.Release|x64.Build.0 = Release|x64
		{F9C13016-32A5-41A5-9926-AC735451A901}.Release|x86.ActiveCfg = Release|Win32
		{F9C13016-32A5-41A5-9926-AC735451A901}.Release|x86.Build.0 = Release|Win32
		{C03B2461-2678-4BA4-AE0B-3383E02074F1}.Debug|x64.ActiveCfg = Debug|x64
		{C03B2461-2678-4BA4-AE0B-3383E02074F1}.Debug|x64.Build.0 = Debug|x64
		{C03B2461-2678-4BA4-AE0B-3383E02074F1}.Debug|x86.ActiveCfg = Debug|Win32
		{C03B2461-2678-4BA4-AE0B-3383E02074F1}.Debug|x86.Build.0 = Debug|Win32
		{C03B2461-2678-4BA4-AE0B-3383E02074F1}.Release|x64.ActiveCfg = Release|x64
		{C03B2461-2678-4BA4-AE0B-3383E02074F1}.Release|x64.Build.0 = Release|x64
		{C03B2461-2678-4BA4-AE0B-3383E02074F1}.Release|x86.ActiveCfg = Release|Win32
		{C03B2461-2678-4BA4-AE0B-3383E02074F1}.Release|x86.Build.0 = Release|Win32
		{120261D9-A794-4871-A685-78DF31A3455E}.Debug|x64.ActiveCfg = Debug|x64
		{120261D9-A794-4871-A685-78DF31A3455E}.Debug|x64.Build.0 = Debug|x64
		{120261D9-A794-4871-A685-78DF31A3455E}.Debug|x86.ActiveCfg = Debug|Win32
		{120261D9-A794-4871-A685-78DF31A3455E}.Debug|x86.Build.0 = Debug|Win32
		{120261D9-A794-4871-A685-78DF31A3455E}.Release|x64.ActiveCfg = Release|x64
		{120261D9-A794-4871-A685-78DF31A3455E}.Release|x64.Build.0 = Release|x64
		{120261D9-A794-4871-A685-78DF31A3455E}.Release|x86.ActiveCfg = Release|Win32
		{120261D9-A794-4871-A685-78DF31A3455E}.Release|x86.Build.0 = Release|Win32
		{A791E0DD-E8E9-41F4-BE7C-3479F6071007}.Debug|x64.ActiveCfg = Debug|x64
		{A791E0DD-E8E9-41F4-BE7C-3479F6071007}.Debug|x64.Build.0 = Debug|x64
		{A791E0DD-E8E9-41F4-BE7C-3479F6071007}.Debug|x86.ActiveCfg = Debug|Win32
		{A791E0DD-E8E9-41F4-BE7C-3479F6071007}.Debug|x86.Build.0 = Debug|Win32
		{A791E0DD-E8E9-41F4-BE7C-3479F6071007}.Release|x64.ActiveCfg = Release|x64
		{A791E0DD-E8E9-41F4-BE7C-3479F6071007}.Release|x64.Build.0 = Release|x64
		{A791E0DD-E8E9-41F4-BE7C-3479F6071007}.Release|x86.ActiveCfg = Release|Win32
		{A791E0DD-E8E9-41F4-BE7C-3479F6071007}.Release|x86.Build.0 = Release|Win32
		{743DC485-B5AC-4A2C-8009-B7AEB8A8EA9A}.Debug|x64.ActiveCfg = Debug|x64
		{743DC485-B5AC-4A2C-8009-B7AEB8A8EA9A}.Debug|x64.Build.0 = Debug|x64
		{743DC485-B5AC-4A2C-8009-B7AEB8A8EA9A}.Debug|x86.ActiveCfg = Debug|Win32
		{743DC485-B5AC-4A2C-8009-B7AEB8A8EA9A}.Debug|x86.Build.0 = Debug|Win32
		{743DC485-B5AC-4A2C-8009-B7AEB8A8EA9A}.Release|x64.ActiveCfg = Release|x64
		{743DC485-B5AC-4A2C-8009-B7AEB8A8EA9A}.Release|x64.Build.0 = Release|x64
		{743DC485-B5AC-4A2C-8009-B7AEB8A8EA9A}.Release|x86.ActiveCfg = Release|Win32
		{743DC485-B5AC-4A2C-8009-B7AEB8A8EA9A}.Release|x86.Build.0 = Release|Win32
		{976CAD69-1763-48B5-AD4A-439896A989B0}.Debug|x64.ActiveCfg = Debug|x64
		{976CAD69-1763-48B5-AD4A-439896A989B0}.Debug|x64.Build.0 = Debug|x64
		{976CAD69-1763-48B5-AD4A-439896A989B0}.Debug|x86.ActiveCfg = Debug|Win32
		{976CAD69-1763-48B5-AD4A-439896A989B0}.Debug|x86.Build.0 = Debug|Win32
		{976CAD69-1763-48B5-AD4A-439896A989B0}.Release|x64.ActiveCfg = Release|x64
		{976CAD69-1763-48B5-AD4A-439896A989B0}.Release|x64.Build.0 = Release|x64
		{976CAD69-1763-48B5-AD4A-439896A989B0}.Release|x86.ActiveCfg = Release|Win32
		{976CAD69-1763-48B5-AD4A-439896A989B0}.Release|x86.Build.0 = Release|Win32
	EndGlobalSection
	GlobalSection(SolutionProperties) = preSolution
		HideSolutionNode = FALSE
	EndGlobalSection
	GlobalSection(ExtensibilityGlobals) = postSolution
		SolutionGuid = {3B29167C-7EB2-4550-A72B-C5CF7CA1AD81}
	EndGlobalSection
EndGlobal
