
Microsoft Visual Studio Solution File, Format Version 12.00
# Visual Studio Version 16
VisualStudioVersion = 16.0.31624.102
MinimumVisualStudioVersion = 10.0.40219.1
Project("{8BC9CEB8-8B4A-11D0-8D11-00A0C91BC942}") = "3-b7 1", "3-b7 1\3-b7 1.vcxproj", "{3C6B4537-BFFD-4783-BC08-CF84C4E18CEE}"
EndProject
Project("{8BC9CEB8-8B4A-11D0-8D11-00A0C91BC942}") = "3-b7 2", "3-b7 2\3-b7 2.vcxproj", "{68CA8247-9CB8-44B7-AE44-DFE431DDC7BE}"
EndProject
Global
	GlobalSection(SolutionConfigurationPlatforms) = preSolution
		Debug|x64 = Debug|x64
		Debug|x86 = Debug|x86
		Release|x64 = Release|x64
		Release|x86 = Release|x86
	EndGlobalSection
	GlobalSection(ProjectConfigurationPlatforms) = postSolution
		{3C6B4537-BFFD-4783-BC08-CF84C4E18CEE}.Debug|x64.ActiveCfg = Debug|x64
		{3C6B4537-BFFD-4783-BC08-CF84C4E18CEE}.Debug|x64.Build.0 = Debug|x64
		{3C6B4537-BFFD-4783-BC08-CF84C4E18CEE}.Debug|x86.ActiveCfg = Debug|Win32
		{3C6B4537-BFFD-4783-BC08-CF84C4E18CEE}.Debug|x86.Build.0 = Debug|Win32
		{3C6B4537-BFFD-4783-BC08-CF84C4E18CEE}.Release|x64.ActiveCfg = Release|x64
		{3C6B4537-BFFD-4783-BC08-CF84C4E18CEE}.Release|x64.Build.0 = Release|x64
		{3C6B4537-BFFD-4783-BC08-CF84C4E18CEE}.Release|x86.ActiveCfg = Release|Win32
		{3C6B4537-BFFD-4783-BC08-CF84C4E18CEE}.Release|x86.Build.0 = Release|Win32
		{68CA8247-9CB8-44B7-AE44-DFE431DDC7BE}.Debug|x64.ActiveCfg = Debug|x64
		{68CA8247-9CB8-44B7-AE44-DFE431DDC7BE}.Debug|x64.Build.0 = Debug|x64
		{68CA8247-9CB8-44B7-AE44-DFE431DDC7BE}.Debug|x86.ActiveCfg = Debug|Win32
		{68CA8247-9CB8-44B7-AE44-DFE431DDC7BE}.Debug|x86.Build.0 = Debug|Win32
		{68CA8247-9CB8-44B7-AE44-DFE431DDC7BE}.Release|x64.ActiveCfg = Release|x64
		{68CA8247-9CB8-44B7-AE44-DFE431DDC7BE}.Release|x64.Build.0 = Release|x64
		{68CA8247-9CB8-44B7-AE44-DFE431DDC7BE}.Release|x86.ActiveCfg = Release|Win32
		{68CA8247-9CB8-44B7-AE44-DFE431DDC7BE}.Release|x86.Build.0 = Release|Win32
	EndGlobalSection
	GlobalSection(SolutionProperties) = preSolution
		HideSolutionNode = FALSE
	EndGlobalSection
	GlobalSection(ExtensibilityGlobals) = postSolution
		SolutionGuid = {596B1FD1-4E73-4465-ADBF-6F827EE8BA80}
	EndGlobalSection
EndGlobal
