
Microsoft Visual Studio Solution File, Format Version 12.00
# Visual Studio Version 16
VisualStudioVersion = 16.0.31624.102
MinimumVisualStudioVersion = 10.0.40219.1
Project("{8BC9CEB8-8B4A-11D0-8D11-00A0C91BC942}") = "3-b12 1", "3-b12 1\3-b12 1.vcxproj", "{7C5531CA-0BEC-4FE9-B9D6-CD6C52967767}"
EndProject
Project("{8BC9CEB8-8B4A-11D0-8D11-00A0C91BC942}") = "3-b12 2", "3-b12 2\3-b12 2.vcxproj", "{7A594460-BD39-4251-9287-F7860DB84EE0}"
EndProject
Global
	GlobalSection(SolutionConfigurationPlatforms) = preSolution
		Debug|x64 = Debug|x64
		Debug|x86 = Debug|x86
		Release|x64 = Release|x64
		Release|x86 = Release|x86
	EndGlobalSection
	GlobalSection(ProjectConfigurationPlatforms) = postSolution
		{7C5531CA-0BEC-4FE9-B9D6-CD6C52967767}.Debug|x64.ActiveCfg = Debug|x64
		{7C5531CA-0BEC-4FE9-B9D6-CD6C52967767}.Debug|x64.Build.0 = Debug|x64
		{7C5531CA-0BEC-4FE9-B9D6-CD6C52967767}.Debug|x86.ActiveCfg = Debug|Win32
		{7C5531CA-0BEC-4FE9-B9D6-CD6C52967767}.Debug|x86.Build.0 = Debug|Win32
		{7C5531CA-0BEC-4FE9-B9D6-CD6C52967767}.Release|x64.ActiveCfg = Release|x64
		{7C5531CA-0BEC-4FE9-B9D6-CD6C52967767}.Release|x64.Build.0 = Release|x64
		{7C5531CA-0BEC-4FE9-B9D6-CD6C52967767}.Release|x86.ActiveCfg = Release|Win32
		{7C5531CA-0BEC-4FE9-B9D6-CD6C52967767}.Release|x86.Build.0 = Release|Win32
		{7A594460-BD39-4251-9287-F7860DB84EE0}.Debug|x64.ActiveCfg = Debug|x64
		{7A594460-BD39-4251-9287-F7860DB84EE0}.Debug|x64.Build.0 = Debug|x64
		{7A594460-BD39-4251-9287-F7860DB84EE0}.Debug|x86.ActiveCfg = Debug|Win32
		{7A594460-BD39-4251-9287-F7860DB84EE0}.Debug|x86.Build.0 = Debug|Win32
		{7A594460-BD39-4251-9287-F7860DB84EE0}.Release|x64.ActiveCfg = Release|x64
		{7A594460-BD39-4251-9287-F7860DB84EE0}.Release|x64.Build.0 = Release|x64
		{7A594460-BD39-4251-9287-F7860DB84EE0}.Release|x86.ActiveCfg = Release|Win32
		{7A594460-BD39-4251-9287-F7860DB84EE0}.Release|x86.Build.0 = Release|Win32
	EndGlobalSection
	GlobalSection(SolutionProperties) = preSolution
		HideSolutionNode = FALSE
	EndGlobalSection
	GlobalSection(ExtensibilityGlobals) = postSolution
		SolutionGuid = {E2D72679-9129-4EFE-9328-C3468585FF4E}
	EndGlobalSection
EndGlobal
